
Microsoft Visual Studio Solution File, Format Version 12.00
# Visual Studio Version 16
VisualStudioVersion = 16.0.31025.194
MinimumVisualStudioVersion = 10.0.40219.1
Project("{FAE04EC0-301F-11D3-BF4B-00C04F79EFBC}") = "DailyWage", "DailyWage\DailyWage.csproj", "{857BA522-5705-4FA3-AE2E-A536BC546E8A}"
EndProject
Global
	GlobalSection(SolutionConfigurationPlatforms) = preSolution
		Debug|Any CPU = Debug|Any CPU
		Release|Any CPU = Release|Any CPU
	EndGlobalSection
	GlobalSection(ProjectConfigurationPlatforms) = postSolution
		{857BA522-5705-4FA3-AE2E-A536BC546E8A}.Debug|Any CPU.ActiveCfg = Debug|Any CPU
		{857BA522-5705-4FA3-AE2E-A536BC546E8A}.Debug|Any CPU.Build.0 = Debug|Any CPU
		{857BA522-5705-4FA3-AE2E-A536BC546E8A}.Release|Any CPU.ActiveCfg = Release|Any CPU
		{857BA522-5705-4FA3-AE2E-A536BC546E8A}.Release|Any CPU.Build.0 = Release|Any CPU
	EndGlobalSection
	GlobalSection(SolutionProperties) = preSolution
		HideSolutionNode = FALSE
	EndGlobalSection
	GlobalSection(ExtensibilityGlobals) = postSolution
		SolutionGuid = {48AE1F30-915C-4224-BF3E-ACD19FA720AB}
	EndGlobalSection
EndGlobal
